9fans.net/go v0.0.2 h1:RYM6lWITV8oADrwLfdzxmt8ucfW6UtP9v1jg4qAbqts=
9fans.net/go v0.0.2/go.mod h1:lfPdxjq9v8pVQXUMBCx5EO5oLXWQFlKRQgs1kEkjoIM=
9fans.net/go v0.0.4 h1:g7K+b5I1PlSBFLnjuco3LAx5boK39UUl0Gsrmw6Gl2U=
9fans.net/go v0.0.4/go.mod h1:lfPdxjq9v8pVQXUMBCx5EO5oLXWQFlKRQgs1kEkjoIM=
github.com/golang/glog v0.0.0-20160126235308-23def4e6c14b h1:VKtxabqXZkF25pY9ekfRL6a582T4P37/31XEstQ5p58=
github.com/golang/glog v0.0.0-20160126235308-23def4e6c14b/go.mod h1:SBH7ygxi8pfUlaOkMMuAQtPIUF8ecWP5IEl/CR7VP2Q=
github.com/golang/glog v1.0.0 h1:nfP3RFugxnNRyKgeWd4oI1nYvXpxrx8ck8ZrcizshdQ=
github.com/golang/glog v1.0.0/go.mod h1:EWib/APOK0SL3dFbYqvxE3UYd8E6s1ouQ7iEp/0LWV4=
