9fans.net/go v0.0.2 h1:RYM6lWITV8oADrwLfdzxmt8ucfW6UtP9v1jg4qAbqts=
9fans.net/go v0.0.2/go.mod h1:lfPdxjq9v8pVQXUMBCx5EO5oLXWQFlKRQgs1kEkjoIM=
github.com/golang/glog v0.0.0-20160126235308-23def4e6c14b h1:VKtxabqXZkF25pY9ekfRL6a582T4P37/31XEstQ5p58=
github.com/golang/glog v0.0.0-20160126235308-23def4e6c14b/go.mod h1:SBH7ygxi8pfUlaOkMMuAQtPIUF8ecWP5IEl/CR7VP2Q=
